
Microsoft Visual Studio Solution File, Format Version 12.00
# Visual Studio Version 17
VisualStudioVersion = 17.3.32825.248
MinimumVisualStudioVersion = 10.0.40219.1
Project("{2150E333-8FDC-42A3-9474-1A3956D46DE8}") = "corePackages", "corePackages", "{8A09ED18-B887-4337-9AF0-0ED51F3581FD}"
EndProject
Project("{2150E333-8FDC-42A3-9474-1A3956D46DE8}") = "src", "src", "{B0F5A808-D193-4F06-BF23-2A04F66DAB4A}"
EndProject
Project("{2150E333-8FDC-42A3-9474-1A3956D46DE8}") = "Alanya", "Alanya", "{E79939C1-1EA9-40FE-A18B-070A36081E73}"
EndProject
Project("{9A19103F-16F7-4668-BE54-9A1E7A4F7556}") = "Core.Persistence", "src\corePackages\Core.Persistence\Core.Persistence.csproj", "{DB0FEFB3-130D-4F50-B087-39F61060868D}"
EndProject
Project("{9A19103F-16F7-4668-BE54-9A1E7A4F7556}") = "Core.Application", "src\corePackages\Core.Application\Core.Application.csproj", "{8DE51DD7-8F84-4DDF-AC39-20395197E0FA}"
EndProject
Project("{9A19103F-16F7-4668-BE54-9A1E7A4F7556}") = "Core.CrossCuttingConcerns", "src\corePackages\Core.CrossCuttingConcers\Core.CrossCuttingConcerns.csproj", "{930DBBA6-70CD-40BC-AE75-608C6377117E}"
EndProject
Project("{9A19103F-16F7-4668-BE54-9A1E7A4F7556}") = "Core.ElasticSearch", "src\corePackages\Core.ElasticSearch\Core.ElasticSearch.csproj", "{50FDCECB-26CE-42D5-A6B6-6093A1B58C28}"
EndProject
Project("{9A19103F-16F7-4668-BE54-9A1E7A4F7556}") = "Core.Mailing", "src\corePackages\Core.Mailing\Core.Mailing.csproj", "{83AD940A-AEAD-43FD-A997-70799808F5A9}"
EndProject
Project("{9A19103F-16F7-4668-BE54-9A1E7A4F7556}") = "Core.Security", "src\corePackages\Core.Security\Core.Security.csproj", "{D56294A5-89F1-4F40-9141-BADA8EFEDE9E}"
EndProject
Project("{9A19103F-16F7-4668-BE54-9A1E7A4F7556}") = "Application", "src\alanya\Application\Application.csproj", "{CB95E46C-A506-4D30-9C93-258DE9B08B1C}"
EndProject
Project("{9A19103F-16F7-4668-BE54-9A1E7A4F7556}") = "Domain", "src\alanya\Domain\Domain.csproj", "{88F1065A-9237-477C-B227-85EFDB8BB06F}"
EndProject
Project("{9A19103F-16F7-4668-BE54-9A1E7A4F7556}") = "Infrastructure", "src\alanya\Infrastructure\Infrastructure.csproj", "{2351B546-036E-435C-A879-365CFA091114}"
EndProject
Project("{9A19103F-16F7-4668-BE54-9A1E7A4F7556}") = "Persistence", "src\alanya\Persistence\Persistence.csproj", "{1875C782-17BC-40D1-8C60-7739C136D2BA}"
EndProject
Project("{9A19103F-16F7-4668-BE54-9A1E7A4F7556}") = "WebAPI", "src\alanya\WebAPI\WebAPI.csproj", "{62837B63-DCB3-4E03-9153-A7A03DCE742B}"
EndProject
Global
	GlobalSection(SolutionConfigurationPlatforms) = preSolution
		Debug|Any CPU = Debug|Any CPU
		Release|Any CPU = Release|Any CPU
	EndGlobalSection
	GlobalSection(ProjectConfigurationPlatforms) = postSolution
		{DB0FEFB3-130D-4F50-B087-39F61060868D}.Debug|Any CPU.ActiveCfg = Debug|Any CPU
		{DB0FEFB3-130D-4F50-B087-39F61060868D}.Debug|Any CPU.Build.0 = Debug|Any CPU
		{DB0FEFB3-130D-4F50-B087-39F61060868D}.Release|Any CPU.ActiveCfg = Release|Any CPU
		{DB0FEFB3-130D-4F50-B087-39F61060868D}.Release|Any CPU.Build.0 = Release|Any CPU
		{8DE51DD7-8F84-4DDF-AC39-20395197E0FA}.Debug|Any CPU.ActiveCfg = Debug|Any CPU
		{8DE51DD7-8F84-4DDF-AC39-20395197E0FA}.Debug|Any CPU.Build.0 = Debug|Any CPU
		{8DE51DD7-8F84-4DDF-AC39-20395197E0FA}.Release|Any CPU.ActiveCfg = Release|Any CPU
		{8DE51DD7-8F84-4DDF-AC39-20395197E0FA}.Release|Any CPU.Build.0 = Release|Any CPU
		{930DBBA6-70CD-40BC-AE75-608C6377117E}.Debug|Any CPU.ActiveCfg = Debug|Any CPU
		{930DBBA6-70CD-40BC-AE75-608C6377117E}.Debug|Any CPU.Build.0 = Debug|Any CPU
		{930DBBA6-70CD-40BC-AE75-608C6377117E}.Release|Any CPU.ActiveCfg = Release|Any CPU
		{930DBBA6-70CD-40BC-AE75-608C6377117E}.Release|Any CPU.Build.0 = Release|Any CPU
		{50FDCECB-26CE-42D5-A6B6-6093A1B58C28}.Debug|Any CPU.ActiveCfg = Debug|Any CPU
		{50FDCECB-26CE-42D5-A6B6-6093A1B58C28}.Debug|Any CPU.Build.0 = Debug|Any CPU
		{50FDCECB-26CE-42D5-A6B6-6093A1B58C28}.Release|Any CPU.ActiveCfg = Release|Any CPU
		{50FDCECB-26CE-42D5-A6B6-6093A1B58C28}.Release|Any CPU.Build.0 = Release|Any CPU
		{83AD940A-AEAD-43FD-A997-70799808F5A9}.Debug|Any CPU.ActiveCfg = Debug|Any CPU
		{83AD940A-AEAD-43FD-A997-70799808F5A9}.Debug|Any CPU.Build.0 = Debug|Any CPU
		{83AD940A-AEAD-43FD-A997-70799808F5A9}.Release|Any CPU.ActiveCfg = Release|Any CPU
		{83AD940A-AEAD-43FD-A997-70799808F5A9}.Release|Any CPU.Build.0 = Release|Any CPU
		{D56294A5-89F1-4F40-9141-BADA8EFEDE9E}.Debug|Any CPU.ActiveCfg = Debug|Any CPU
		{D56294A5-89F1-4F40-9141-BADA8EFEDE9E}.Debug|Any CPU.Build.0 = Debug|Any CPU
		{D56294A5-89F1-4F40-9141-BADA8EFEDE9E}.Release|Any CPU.ActiveCfg = Release|Any CPU
		{D56294A5-89F1-4F40-9141-BADA8EFEDE9E}.Release|Any CPU.Build.0 = Release|Any CPU
		{CB95E46C-A506-4D30-9C93-258DE9B08B1C}.Debug|Any CPU.ActiveCfg = Debug|Any CPU
		{CB95E46C-A506-4D30-9C93-258DE9B08B1C}.Debug|Any CPU.Build.0 = Debug|Any CPU
		{CB95E46C-A506-4D30-9C93-258DE9B08B1C}.Release|Any CPU.ActiveCfg = Release|Any CPU
		{CB95E46C-A506-4D30-9C93-258DE9B08B1C}.Release|Any CPU.Build.0 = Release|Any CPU
		{88F1065A-9237-477C-B227-85EFDB8BB06F}.Debug|Any CPU.ActiveCfg = Debug|Any CPU
		{88F1065A-9237-477C-B227-85EFDB8BB06F}.Debug|Any CPU.Build.0 = Debug|Any CPU
		{88F1065A-9237-477C-B227-85EFDB8BB06F}.Release|Any CPU.ActiveCfg = Release|Any CPU
		{88F1065A-9237-477C-B227-85EFDB8BB06F}.Release|Any CPU.Build.0 = Release|Any CPU
		{2351B546-036E-435C-A879-365CFA091114}.Debug|Any CPU.ActiveCfg = Debug|Any CPU
		{2351B546-036E-435C-A879-365CFA091114}.Debug|Any CPU.Build.0 = Debug|Any CPU
		{2351B546-036E-435C-A879-365CFA091114}.Release|Any CPU.ActiveCfg = Release|Any CPU
		{2351B546-036E-435C-A879-365CFA091114}.Release|Any CPU.Build.0 = Release|Any CPU
		{1875C782-17BC-40D1-8C60-7739C136D2BA}.Debug|Any CPU.ActiveCfg = Debug|Any CPU
		{1875C782-17BC-40D1-8C60-7739C136D2BA}.Debug|Any CPU.Build.0 = Debug|Any CPU
		{1875C782-17BC-40D1-8C60-7739C136D2BA}.Release|Any CPU.ActiveCfg = Release|Any CPU
		{1875C782-17BC-40D1-8C60-7739C136D2BA}.Release|Any CPU.Build.0 = Release|Any CPU
		{62837B63-DCB3-4E03-9153-A7A03DCE742B}.Debug|Any CPU.ActiveCfg = Debug|Any CPU
		{62837B63-DCB3-4E03-9153-A7A03DCE742B}.Debug|Any CPU.Build.0 = Debug|Any CPU
		{62837B63-DCB3-4E03-9153-A7A03DCE742B}.Release|Any CPU.ActiveCfg = Release|Any CPU
		{62837B63-DCB3-4E03-9153-A7A03DCE742B}.Release|Any CPU.Build.0 = Release|Any CPU
	EndGlobalSection
	GlobalSection(SolutionProperties) = preSolution
		HideSolutionNode = FALSE
	EndGlobalSection
	GlobalSection(NestedProjects) = preSolution
		{8A09ED18-B887-4337-9AF0-0ED51F3581FD} = {B0F5A808-D193-4F06-BF23-2A04F66DAB4A}
		{E79939C1-1EA9-40FE-A18B-070A36081E73} = {B0F5A808-D193-4F06-BF23-2A04F66DAB4A}
		{DB0FEFB3-130D-4F50-B087-39F61060868D} = {8A09ED18-B887-4337-9AF0-0ED51F3581FD}
		{8DE51DD7-8F84-4DDF-AC39-20395197E0FA} = {8A09ED18-B887-4337-9AF0-0ED51F3581FD}
		{930DBBA6-70CD-40BC-AE75-608C6377117E} = {8A09ED18-B887-4337-9AF0-0ED51F3581FD}
		{50FDCECB-26CE-42D5-A6B6-6093A1B58C28} = {8A09ED18-B887-4337-9AF0-0ED51F3581FD}
		{83AD940A-AEAD-43FD-A997-70799808F5A9} = {8A09ED18-B887-4337-9AF0-0ED51F3581FD}
		{D56294A5-89F1-4F40-9141-BADA8EFEDE9E} = {8A09ED18-B887-4337-9AF0-0ED51F3581FD}
		{CB95E46C-A506-4D30-9C93-258DE9B08B1C} = {E79939C1-1EA9-40FE-A18B-070A36081E73}
		{88F1065A-9237-477C-B227-85EFDB8BB06F} = {E79939C1-1EA9-40FE-A18B-070A36081E73}
		{2351B546-036E-435C-A879-365CFA091114} = {E79939C1-1EA9-40FE-A18B-070A36081E73}
		{1875C782-17BC-40D1-8C60-7739C136D2BA} = {E79939C1-1EA9-40FE-A18B-070A36081E73}
		{62837B63-DCB3-4E03-9153-A7A03DCE742B} = {E79939C1-1EA9-40FE-A18B-070A36081E73}
	EndGlobalSection
	GlobalSection(ExtensibilityGlobals) = postSolution
		SolutionGuid = {93BFC00F-23E3-4674-B047-EF41CD1F4D0E}
	EndGlobalSection
EndGlobal
